
Microsoft Visual Studio Solution File, Format Version 12.00
# Visual Studio Version 17
VisualStudioVersion = 17.4.33205.214
MinimumVisualStudioVersion = 10.0.40219.1
Project("{9A19103F-16F7-4668-BE54-9A1E7A4F7556}") = "ChatGPT.Plugins.Github", "ChatGPT.Plugins.Github\ChatGPT.Plugins.Github.csproj", "{09E3109F-11ED-491E-9116-6F62CD5F9E66}"
EndProject
Project("{FAE04EC0-301F-11D3-BF4B-00C04F79EFBC}") = "ChatGPT.Plugins.Github.Benchmarks", "ChatGPT.Plugins.Github.Benchmarks\ChatGPT.Plugins.Github.Benchmarks.csproj", "{464A1507-16D6-420D-89E4-3225F5CE0F2A}"
EndProject
Global
	GlobalSection(SolutionConfigurationPlatforms) = preSolution
		Debug|Any CPU = Debug|Any CPU
		Release|Any CPU = Release|Any CPU
	EndGlobalSection
	GlobalSection(ProjectConfigurationPlatforms) = postSolution
		{09E3109F-11ED-491E-9116-6F62CD5F9E66}.Debug|Any CPU.ActiveCfg = Debug|Any CPU
		{09E3109F-11ED-491E-9116-6F62CD5F9E66}.Debug|Any CPU.Build.0 = Debug|Any CPU
		{09E3109F-11ED-491E-9116-6F62CD5F9E66}.Release|Any CPU.ActiveCfg = Release|Any CPU
		{09E3109F-11ED-491E-9116-6F62CD5F9E66}.Release|Any CPU.Build.0 = Release|Any CPU
		{464A1507-16D6-420D-89E4-3225F5CE0F2A}.Debug|Any CPU.ActiveCfg = Debug|Any CPU
		{464A1507-16D6-420D-89E4-3225F5CE0F2A}.Debug|Any CPU.Build.0 = Debug|Any CPU
		{464A1507-16D6-420D-89E4-3225F5CE0F2A}.Release|Any CPU.ActiveCfg = Release|Any CPU
		{464A1507-16D6-420D-89E4-3225F5CE0F2A}.Release|Any CPU.Build.0 = Release|Any CPU
	EndGlobalSection
	GlobalSection(SolutionProperties) = preSolution
		HideSolutionNode = FALSE
	EndGlobalSection
	GlobalSection(ExtensibilityGlobals) = postSolution
		SolutionGuid = {FEECD451-F1AA-4CF5-B9EB-92D317562D5B}
	EndGlobalSection
EndGlobal
